
Microsoft Visual Studio Solution File, Format Version 12.00
# Visual Studio Version 17
VisualStudioVersion = 17.10.35013.160
MinimumVisualStudioVersion = 10.0.40219.1
Project("{00D1A9C2-B5F0-4AF3-8072-F6C62B433612}") = "HashBytesCLR", "HashBytesCLR\HashBytesCLR.sqlproj", "{1CA1AC3B-831E-4B75-AEFD-AC8CD638C2D1}"
EndProject
Project("{FAE04EC0-301F-11D3-BF4B-00C04F79EFBC}") = "HashBytesLibrary", "HashBytes\HashBytesLibrary.csproj", "{B0B67F2A-68EB-4DFB-B31B-FBC918C7AFAC}"
EndProject
Global
	GlobalSection(SolutionConfigurationPlatforms) = preSolution
		Debug|Any CPU = Debug|Any CPU
		Publish|Any CPU = Publish|Any CPU
		Release|Any CPU = Release|Any CPU
	EndGlobalSection
	GlobalSection(ProjectConfigurationPlatforms) = postSolution
		{1CA1AC3B-831E-4B75-AEFD-AC8CD638C2D1}.Debug|Any CPU.ActiveCfg = Debug|Any CPU
		{1CA1AC3B-831E-4B75-AEFD-AC8CD638C2D1}.Debug|Any CPU.Build.0 = Debug|Any CPU
		{1CA1AC3B-831E-4B75-AEFD-AC8CD638C2D1}.Debug|Any CPU.Deploy.0 = Debug|Any CPU
		{1CA1AC3B-831E-4B75-AEFD-AC8CD638C2D1}.Publish|Any CPU.ActiveCfg = Release|Any CPU
		{1CA1AC3B-831E-4B75-AEFD-AC8CD638C2D1}.Publish|Any CPU.Build.0 = Release|Any CPU
		{1CA1AC3B-831E-4B75-AEFD-AC8CD638C2D1}.Publish|Any CPU.Deploy.0 = Release|Any CPU
		{1CA1AC3B-831E-4B75-AEFD-AC8CD638C2D1}.Release|Any CPU.ActiveCfg = Release|Any CPU
		{1CA1AC3B-831E-4B75-AEFD-AC8CD638C2D1}.Release|Any CPU.Build.0 = Release|Any CPU
		{1CA1AC3B-831E-4B75-AEFD-AC8CD638C2D1}.Release|Any CPU.Deploy.0 = Release|Any CPU
		{B0B67F2A-68EB-4DFB-B31B-FBC918C7AFAC}.Debug|Any CPU.ActiveCfg = Debug|Any CPU
		{B0B67F2A-68EB-4DFB-B31B-FBC918C7AFAC}.Debug|Any CPU.Build.0 = Debug|Any CPU
		{B0B67F2A-68EB-4DFB-B31B-FBC918C7AFAC}.Publish|Any CPU.ActiveCfg = Debug|Any CPU
		{B0B67F2A-68EB-4DFB-B31B-FBC918C7AFAC}.Publish|Any CPU.Build.0 = Debug|Any CPU
		{B0B67F2A-68EB-4DFB-B31B-FBC918C7AFAC}.Release|Any CPU.ActiveCfg = Release|Any CPU
		{B0B67F2A-68EB-4DFB-B31B-FBC918C7AFAC}.Release|Any CPU.Build.0 = Release|Any CPU
	EndGlobalSection
	GlobalSection(SolutionProperties) = preSolution
		HideSolutionNode = FALSE
	EndGlobalSection
	GlobalSection(ExtensibilityGlobals) = postSolution
		SolutionGuid = {A7F32DD7-7316-41E2-B153-36B46420A089}
	EndGlobalSection
EndGlobal
